# THIS IS AN AUTOGENERATED FILE. DO NOT EDIT THIS FILE DIRECTLY.
# yarn lockfile v1


"@transloadit/sort-object-by-prio@^0.0.2":
  version "0.0.2"
  resolved "https://registry.yarnpkg.com/@transloadit/sort-object-by-prio/-/sort-object-by-prio-0.0.2.tgz#febc0264826922b4bbaf770df270c551782f32c4"
  integrity sha512-Q0yf924SAnitv5ZOSIL6mrz8PStm22xHCDqWBVdqwM0VIFLTvZE8TNkx686qMtnIRt5RwNRE5ctMVF3B7eyNYQ==

"@transloadit/sort-result@^0.0.2":
  version "0.0.2"
  resolved "https://registry.yarnpkg.com/@transloadit/sort-result/-/sort-result-0.0.2.tgz#2301550b35baac73f3bb002e965701cde790c30e"
  integrity sha512-lToOz+4nrUIjmRjgeCz0YpNh1AQXMOrV8eo1KMuEl57OkV+yBAUf3Ir2aQzX6tnr4fosneSulHQmBDyYv9rnAQ==
