{
	"name": "@transloadit/format-duration-ms",
	"version": "0.0.15",
	"lockfileVersion": 1,
	"requires": true,
	"dependencies": {
		"parse-ms": {
			"version": "2.1.0",
			"resolved": "https://registry.npmjs.org/parse-ms/-/parse-ms-2.1.0.tgz",
			"integrity": "sha512-kHt7kzLoS9VBZfUsiKjv43mr91ea+U05EyKkEtqp7vNbHxmaVuEqN7XxeEVnGrMtYOAxGrDElSi96K7EgO1zCA=="
		},
		"pretty-ms": {
			"version": "6.0.1",
			"resolved": "https://registry.npmjs.org/pretty-ms/-/pretty-ms-6.0.1.tgz",
			"integrity": "sha512-ke4njoVmlotekHlHyCZ3wI/c5AMT8peuHs8rKJqekj/oR5G8lND2dVpicFlUz5cbZgE290vvkMuDwfj/OcW1kw==",
			"requires": {
				"parse-ms": "^2.1.0"
			}
		}
	}
}
