# THIS IS AN AUTOGENERATED FILE. DO NOT EDIT THIS FILE DIRECTLY.
# yarn lockfile v1


parse-ms@^2.1.0:
  version "2.1.0"
  resolved "https://registry.yarnpkg.com/parse-ms/-/parse-ms-2.1.0.tgz#348565a753d4391fa524029956b172cb7753097d"
  integrity sha512-kHt7kzLoS9VBZfUsiKjv43mr91ea+U05EyKkEtqp7vNbHxmaVuEqN7XxeEVnGrMtYOAxGrDElSi96K7EgO1zCA==

pretty-ms@6.0.0:
  version "6.0.0"
  resolved "https://registry.yarnpkg.com/pretty-ms/-/pretty-ms-6.0.0.tgz#39a0eb5f31d359bcee43c9579e6ddf4a02a82ff0"
  integrity sha512-X5i1y9/8VuBMb9WU8zubTiLKnJG4lcKvL7eaCEVc/jpTe3aS74gCcBM6Yd1vvUDoTCXm4Y15obNS/16yB0FTaQ==
  dependencies:
    parse-ms "^2.1.0"
