# THIS IS AN AUTOGENERATED FILE. DO NOT EDIT THIS FILE DIRECTLY.
# yarn lockfile v1


"@transloadit/pr@^0.0.2":
  version "0.0.2"
  resolved "https://registry.yarnpkg.com/@transloadit/pr/-/pr-0.0.2.tgz#a8b02f6bfb1bfd2df8cda05a0548bd331943249c"
  integrity sha512-YlMD35iXVTGE3IlvGohmBs7imOXMtRRssAr2J0wbZQSm4uSA8GYLOb+XSFf6Iaq294Gszsc1Pm+2bOuIK2cD5g==
