# THIS IS AN AUTOGENERATED FILE. DO NOT EDIT THIS FILE DIRECTLY.
# yarn lockfile v1


pdjs@^1.0.6:
  version "1.0.6"
  resolved "https://registry.yarnpkg.com/pdjs/-/pdjs-1.0.6.tgz#effeaf836f814ec328bc8edb26f0a9a1905a6c8f"
  integrity sha512-cD9knOJ/+gWvp6zYFNKac6X41KypfofwX264YnquJp5wXAh+3SiepwYlrxzOhb/9qo24yG0AZiajknXSAu6bZA==
