# THIS IS AN AUTOGENERATED FILE. DO NOT EDIT THIS FILE DIRECTLY.
# yarn lockfile v1


"@transloadit/sort-object-by-prio@^0.0.2":
  version "0.0.2"
  resolved "https://registry.yarnpkg.com/@transloadit/sort-object-by-prio/-/sort-object-by-prio-0.0.2.tgz#febc0264826922b4bbaf770df270c551782f32c4"
  integrity sha512-Q0yf924SAnitv5ZOSIL6mrz8PStm22xHCDqWBVdqwM0VIFLTvZE8TNkx686qMtnIRt5RwNRE5ctMVF3B7eyNYQ==

"@transloadit/sort-result-meta@^0.0.2":
  version "0.0.2"
  resolved "https://registry.yarnpkg.com/@transloadit/sort-result-meta/-/sort-result-meta-0.0.2.tgz#233e6871156d660f5f471f40b038358a5a59ec78"
  integrity sha512-ippBRtXHva4Lq1ghDXAXlTRJ4B+yyKezbgwNesmC+KbA+qazORpWUvv03G60s0qmGXiFt18fjDpbFb7z9PL3sw==
