# THIS IS AN AUTOGENERATED FILE. DO NOT EDIT THIS FILE DIRECTLY.
# yarn lockfile v1


"@transloadit/sort-object@^0.0.2":
  version "0.0.2"
  resolved "https://registry.yarnpkg.com/@transloadit/sort-object/-/sort-object-0.0.2.tgz#15cf4dda2e4a56031265f44f6d6945453807ecc3"
  integrity sha512-X52PCJtanxwiqH/b6CoHtiUH0udP3Nvr1KyrmPJiuR29k8qzxMmHmra0yoM/ueHZ74cNVWHj0+OIVjizzzfutA==
